// !$*UTF8*$!
{
	archiveVersion = 1;
	classes = {
	};
	objectVersion = 77;
	objects = {

/* Begin PBXBuildFile section */
		4E5A971F2DEF520E0003924F /* FirebaseStorage in Frameworks */ = {isa = PBXBuildFile; productRef = 4E5A971E2DEF520E0003924F /* FirebaseStorage */; };
		4EDC6A042DBDC9A900683016 /* FirebaseAuth in Frameworks */ = {isa = PBXBuildFile; productRef = 4EDC6A032DBDC9A900683016 /* FirebaseAuth */; };
/* End PBXBuildFile section */

/* Begin PBXContainerItemProxy section */
		4EE2161C2DBCABE20083CE7A /* PBXContainerItemProxy */ = {
			isa = PBXContainerItemProxy;
			containerPortal = 4EE216062DBCABE10083CE7A /* Project object */;
			proxyType = 1;
			remoteGlobalIDString = 4EE2160D2DBCABE10083CE7A;
			remoteInfo = "Blind Navigator";
		};
		4EE216262DBCABE20083CE7A /* PBXContainerItemProxy */ = {
			isa = PBXContainerItemProxy;
			containerPortal = 4EE216062DBCABE10083CE7A /* Project object */;
			proxyType = 1;
			remoteGlobalIDString = 4EE2160D2DBCABE10083CE7A;
			remoteInfo = "Blind Navigator";
		};
/* End PBXContainerItemProxy section */

/* Begin PBXFileReference section */
		4EE2160E2DBCABE10083CE7A /* Blind Navigator.app */ = {isa = PBXFileReference; explicitFileType = wrapper.application; includeInIndex = 0; path = "Blind Navigator.app"; sourceTree = BUILT_PRODUCTS_DIR; };
		4EE2161B2DBCABE20083CE7A /* Blind NavigatorTests.xctest */ = {isa = PBXFileReference; explicitFileType = wrapper.cfbundle; includeInIndex = 0; path = "Blind NavigatorTests.xctest"; sourceTree = BUILT_PRODUCTS_DIR; };
		4EE216252DBCABE20083CE7A /* Blind NavigatorUITests.xctest */ = {isa = PBXFileReference; explicitFileType = wrapper.cfbundle; includeInIndex = 0; path = "Blind NavigatorUITests.xctest"; sourceTree = BUILT_PRODUCTS_DIR; };
/* End PBXFileReference section */

/* Begin PBXFileSystemSynchronizedRootGroup section */
		4EE216102DBCABE10083CE7A /* Blind Navigator */ = {
			isa = PBXFileSystemSynchronizedRootGroup;
			path = "Blind Navigator";
			sourceTree = "<group>";
		};
		4EE2161E2DBCABE20083CE7A /* Blind NavigatorTests */ = {
			isa = PBXFileSystemSynchronizedRootGroup;
			path = "Blind NavigatorTests";
			sourceTree = "<group>";
		};
		4EE216282DBCABE20083CE7A /* Blind NavigatorUITests */ = {
			isa = PBXFileSystemSynchronizedRootGroup;
			path = "Blind NavigatorUITests";
			sourceTree = "<group>";
		};
/* End PBXFileSystemSynchronizedRootGroup section */

/* Begin PBXFrameworksBuildPhase section */
		4EE2160B2DBCABE10083CE7A /* Frameworks */ = {
			isa = PBXFrameworksBuildPhase;
			buildActionMask = 2147483647;
			files = (
				4EDC6A042DBDC9A900683016 /* FirebaseAuth in Frameworks */,
				4E5A971F2DEF520E0003924F /* FirebaseStorage in Frameworks */,
			);
			runOnlyForDeploymentPostprocessing = 0;
		};
		4EE216182DBCABE20083CE7A /* Frameworks */ = {
			isa = PBXFrameworksBuildPhase;
			buildActionMask = 2147483647;
			files = (
			);
			runOnlyForDeploymentPostprocessing = 0;
		};
		4EE216222DBCABE20083CE7A /* Frameworks */ = {
			isa = PBXFrameworksBuildPhase;
			buildActionMask = 2147483647;
			files = (
			);
			runOnlyForDeploymentPostprocessing = 0;
		};
/* End PBXFrameworksBuildPhase section */

/* Begin PBXGroup section */
		4EE216052DBCABE10083CE7A = {
			isa = PBXGroup;
			children = (
				4EE216102DBCABE10083CE7A /* Blind Navigator */,
				4EE2161E2DBCABE20083CE7A /* Blind NavigatorTests */,
				4EE216282DBCABE20083CE7A /* Blind NavigatorUITests */,
				4EE2160F2DBCABE10083CE7A /* Products */,
			);
			sourceTree = "<group>";
		};
		4EE2160F2DBCABE10083CE7A /* Products */ = {
			isa = PBXGroup;
			children = (
				4EE2160E2DBCABE10083CE7A /* Blind Navigator.app */,
				4EE2161B2DBCABE20083CE7A /* Blind NavigatorTests.xctest */,
				4EE216252DBCABE20083CE7A /* Blind NavigatorUITests.xctest */,
			);
			name = Products;
			sourceTree = "<group>";
		};
/* End PBXGroup section */

/* Begin PBXNativeTarget section */
		4EE2160D2DBCABE10083CE7A /* Blind Navigator */ = {
			isa = PBXNativeTarget;
			buildConfigurationList = 4EE2162F2DBCABE20083CE7A /* Build configuration list for PBXNativeTarget "Blind Navigator" */;
			buildPhases = (
				4EE2160A2DBCABE10083CE7A /* Sources */,
				4EE2160B2DBCABE10083CE7A /* Frameworks */,
				4EE2160C2DBCABE10083CE7A /* Resources */,
			);
			buildRules = (
			);
			dependencies = (
			);
			fileSystemSynchronizedGroups = (
				4EE216102DBCABE10083CE7A /* Blind Navigator */,
			);
			name = "Blind Navigator";
			packageProductDependencies = (
				4EDC6A032DBDC9A900683016 /* FirebaseAuth */,
				4E5A971E2DEF520E0003924F /* FirebaseStorage */,
			);
			productName = "Blind Navigator";
			productReference = 4EE2160E2DBCABE10083CE7A /* Blind Navigator.app */;
			productType = "com.apple.product-type.application";
		};
		4EE2161A2DBCABE20083CE7A /* Blind NavigatorTests */ = {
			isa = PBXNativeTarget;
			buildConfigurationList = 4EE216322DBCABE20083CE7A /* Build configuration list for PBXNativeTarget "Blind NavigatorTests" */;
			buildPhases = (
				4EE216172DBCABE20083CE7A /* Sources */,
				4EE216182DBCABE20083CE7A /* Frameworks */,
				4EE216192DBCABE20083CE7A /* Resources */,
			);
			buildRules = (
			);
			dependencies = (
				4EE2161D2DBCABE20083CE7A /* PBXTargetDependency */,
			);
			fileSystemSynchronizedGroups = (
				4EE2161E2DBCABE20083CE7A /* Blind NavigatorTests */,
			);
			name = "Blind NavigatorTests";
			packageProductDependencies = (
			);
			productName = "Blind NavigatorTests";
			productReference = 4EE2161B2DBCABE20083CE7A /* Blind NavigatorTests.xctest */;
			productType = "com.apple.product-type.bundle.unit-test";
		};
		4EE216242DBCABE20083CE7A /* Blind NavigatorUITests */ = {
			isa = PBXNativeTarget;
			buildConfigurationList = 4EE216352DBCABE20083CE7A /* Build configuration list for PBXNativeTarget "Blind NavigatorUITests" */;
			buildPhases = (
				4EE216212DBCABE20083CE7A /* Sources */,
				4EE216222DBCABE20083CE7A /* Frameworks */,
				4EE216232DBCABE20083CE7A /* Resources */,
			);
			buildRules = (
			);
			dependencies = (
				4EE216272DBCABE20083CE7A /* PBXTargetDependency */,
			);
			fileSystemSynchronizedGroups = (
				4EE216282DBCABE20083CE7A /* Blind NavigatorUITests */,
			);
			name = "Blind NavigatorUITests";
			packageProductDependencies = (
			);
			productName = "Blind NavigatorUITests";
			productReference = 4EE216252DBCABE20083CE7A /* Blind NavigatorUITests.xctest */;
			productType = "com.apple.product-type.bundle.ui-testing";
		};
/* End PBXNativeTarget section */

/* Begin PBXProject section */
		4EE216062DBCABE10083CE7A /* Project object */ = {
			isa = PBXProject;
			attributes = {
				BuildIndependentTargetsInParallel = 1;
				LastSwiftUpdateCheck = 1630;
				LastUpgradeCheck = 1630;
				TargetAttributes = {
					4EE2160D2DBCABE10083CE7A = {
						CreatedOnToolsVersion = 16.3;
					};
					4EE2161A2DBCABE20083CE7A = {
						CreatedOnToolsVersion = 16.3;
						TestTargetID = 4EE2160D2DBCABE10083CE7A;
					};
					4EE216242DBCABE20083CE7A = {
						CreatedOnToolsVersion = 16.3;
						TestTargetID = 4EE2160D2DBCABE10083CE7A;
					};
				};
			};
			buildConfigurationList = 4EE216092DBCABE10083CE7A /* Build configuration list for PBXProject "Blind Navigator" */;
			developmentRegion = en;
			hasScannedForEncodings = 0;
			knownRegions = (
				en,
				Base,
			);
			mainGroup = 4EE216052DBCABE10083CE7A;
			minimizedProjectReferenceProxies = 1;
			packageReferences = (
				4EDC6A022DBDC9A900683016 /* XCRemoteSwiftPackageReference "firebase-ios-sdk" */,
			);
			preferredProjectObjectVersion = 77;
			productRefGroup = 4EE2160F2DBCABE10083CE7A /* Products */;
			projectDirPath = "";
			projectRoot = "";
			targets = (
				4EE2160D2DBCABE10083CE7A /* Blind Navigator */,
				4EE2161A2DBCABE20083CE7A /* Blind NavigatorTests */,
				4EE216242DBCABE20083CE7A /* Blind NavigatorUITests */,
			);
		};
/* End PBXProject section */

/* Begin PBXResourcesBuildPhase section */
		4EE2160C2DBCABE10083CE7A /* Resources */ = {
			isa = PBXResourcesBuildPhase;
			buildActionMask = 2147483647;
			files = (
			);
			runOnlyForDeploymentPostprocessing = 0;
		};
		4EE216192DBCABE20083CE7A /* Resources */ = {
			isa = PBXResourcesBuildPhase;
			buildActionMask = 2147483647;
			files = (
			);
			runOnlyForDeploymentPostprocessing = 0;
		};
		4EE216232DBCABE20083CE7A /* Resources */ = {
			isa = PBXResourcesBuildPhase;
			buildActionMask = 2147483647;
			files = (
			);
			runOnlyForDeploymentPostprocessing = 0;
		};
/* End PBXResourcesBuildPhase section */

/* Begin PBXSourcesBuildPhase section */
		4EE2160A2DBCABE10083CE7A /* Sources */ = {
			isa = PBXSourcesBuildPhase;
			buildActionMask = 2147483647;
			files = (
			);
			runOnlyForDeploymentPostprocessing = 0;
		};
		4EE216172DBCABE20083CE7A /* Sources */ = {
			isa = PBXSourcesBuildPhase;
			buildActionMask = 2147483647;
			files = (
			);
			runOnlyForDeploymentPostprocessing = 0;
		};
		4EE216212DBCABE20083CE7A /* Sources */ = {
			isa = PBXSourcesBuildPhase;
			buildActionMask = 2147483647;
			files = (
			);
			runOnlyForDeploymentPostprocessing = 0;
		};
/* End PBXSourcesBuildPhase section */

/* Begin PBXTargetDependency section */
		4EE2161D2DBCABE20083CE7A /* PBXTargetDependency */ = {
			isa = PBXTargetDependency;
			target = 4EE2160D2DBCABE10083CE7A /* Blind Navigator */;
			targetProxy = 4EE2161C2DBCABE20083CE7A /* PBXContainerItemProxy */;
		};
		4EE216272DBCABE20083CE7A /* PBXTargetDependency */ = {
			isa = PBXTargetDependency;
			target = 4EE2160D2DBCABE10083CE7A /* Blind Navigator */;
			targetProxy = 4EE216262DBCABE20083CE7A /* PBXContainerItemProxy */;
		};
/* End PBXTargetDependency section */

/* Begin XCBuildConfiguration section */
		4EE2162D2DBCABE20083CE7A /* Debug */ = {
			isa = XCBuildConfiguration;
			buildSettings = {
				ALWAYS_SEARCH_USER_PATHS = NO;
				ASSETCATALOG_COMPILER_GENERATE_SWIFT_ASSET_SYMBOL_EXTENSIONS = YES;
				CLANG_ANALYZER_NONNULL = YES;
				CLANG_ANALYZER_NUMBER_OBJECT_CONVERSION = YES_AGGRESSIVE;
				CLANG_CXX_LANGUAGE_STANDARD = "gnu++20";
				CLANG_ENABLE_MODULES = YES;
				CLANG_ENABLE_OBJC_ARC = YES;
				CLANG_ENABLE_OBJC_WEAK = YES;
				CLANG_WARN_BLOCK_CAPTURE_AUTORELEASING = YES;
				CLANG_WARN_BOOL_CONVERSION = YES;
				CLANG_WARN_COMMA = YES;
				CLANG_WARN_CONSTANT_CONVERSION = YES;
				CLANG_WARN_DEPRECATED_OBJC_IMPLEMENTATIONS = YES;
				CLANG_WARN_DIRECT_OBJC_ISA_USAGE = YES_ERROR;
				CLANG_WARN_DOCUMENTATION_COMMENTS = YES;
				CLANG_WARN_EMPTY_BODY = YES;
				CLANG_WARN_ENUM_CONVERSION = YES;
				CLANG_WARN_INFINITE_RECURSION = YES;
				CLANG_WARN_INT_CONVERSION = YES;
				CLANG_WARN_NON_LITERAL_NULL_CONVERSION = YES;
				CLANG_WARN_OBJC_IMPLICIT_RETAIN_SELF = YES;
				CLANG_WARN_OBJC_LITERAL_CONVERSION = YES;
				CLANG_WARN_OBJC_ROOT_CLASS = YES_ERROR;
				CLANG_WARN_QUOTED_INCLUDE_IN_FRAMEWORK_HEADER = YES;
				CLANG_WARN_RANGE_LOOP_ANALYSIS = YES;
				CLANG_WARN_STRICT_PROTOTYPES = YES;
				CLANG_WARN_SUSPICIOUS_MOVE = YES;
				CLANG_WARN_UNGUARDED_AVAILABILITY = YES_AGGRESSIVE;
				CLANG_WARN_UNREACHABLE_CODE = YES;
				CLANG_WARN__DUPLICATE_METHOD_MATCH = YES;
				COPY_PHASE_STRIP = NO;
				DEBUG_INFORMATION_FORMAT = dwarf;
				DEVELOPMENT_TEAM = 53SH9DZH55;
				ENABLE_STRICT_OBJC_MSGSEND = YES;
				ENABLE_TESTABILITY = YES;
				ENABLE_USER_SCRIPT_SANDBOXING = YES;
				GCC_C_LANGUAGE_STANDARD = gnu17;
				GCC_DYNAMIC_NO_PIC = NO;
				GCC_NO_COMMON_BLOCKS = YES;
				GCC_OPTIMIZATION_LEVEL = 0;
				GCC_PREPROCESSOR_DEFINITIONS = (
					"DEBUG=1",
					"$(inherited)",
				);
				GCC_WARN_64_TO_32_BIT_CONVERSION = YES;
				GCC_WARN_ABOUT_RETURN_TYPE = YES_ERROR;
				GCC_WARN_UNDECLARED_SELECTOR = YES;
				GCC_WARN_UNINITIALIZED_AUTOS = YES_AGGRESSIVE;
				GCC_WARN_UNUSED_FUNCTION = YES;
				GCC_WARN_UNUSED_VARIABLE = YES;
				IPHONEOS_DEPLOYMENT_TARGET = 18.4;
				LOCALIZATION_PREFERS_STRING_CATALOGS = YES;
				MTL_ENABLE_DEBUG_INFO = INCLUDE_SOURCE;
				MTL_FAST_MATH = YES;
				ONLY_ACTIVE_ARCH = YES;
				SDKROOT = iphoneos;
				SWIFT_ACTIVE_COMPILATION_CONDITIONS = "DEBUG $(inherited)";
				SWIFT_OPTIMIZATION_LEVEL = "-Onone";
			};
			name = Debug;
		};
		4EE2162E2DBCABE20083CE7A /* Release */ = {
			isa = XCBuildConfiguration;
			buildSettings = {
				ALWAYS_SEARCH_USER_PATHS = NO;
				ASSETCATALOG_COMPILER_GENERATE_SWIFT_ASSET_SYMBOL_EXTENSIONS = YES;
				CLANG_ANALYZER_NONNULL = YES;
				CLANG_ANALYZER_NUMBER_OBJECT_CONVERSION = YES_AGGRESSIVE;
				CLANG_CXX_LANGUAGE_STANDARD = "gnu++20";
				CLANG_ENABLE_MODULES = YES;
				CLANG_ENABLE_OBJC_ARC = YES;
				CLANG_ENABLE_OBJC_WEAK = YES;
				CLANG_WARN_BLOCK_CAPTURE_AUTORELEASING = YES;
				CLANG_WARN_BOOL_CONVERSION = YES;
				CLANG_WARN_COMMA = YES;
				CLANG_WARN_CONSTANT_CONVERSION = YES;
				CLANG_WARN_DEPRECATED_OBJC_IMPLEMENTATIONS = YES;
				CLANG_WARN_DIRECT_OBJC_ISA_USAGE = YES_ERROR;
				CLANG_WARN_DOCUMENTATION_COMMENTS = YES;
				CLANG_WARN_EMPTY_BODY = YES;
				CLANG_WARN_ENUM_CONVERSION = YES;
				CLANG_WARN_INFINITE_RECURSION = YES;
				CLANG_WARN_INT_CONVERSION = YES;
				CLANG_WARN_NON_LITERAL_NULL_CONVERSION = YES;
				CLANG_WARN_OBJC_IMPLICIT_RETAIN_SELF = YES;
				CLANG_WARN_OBJC_LITERAL_CONVERSION = YES;
				CLANG_WARN_OBJC_ROOT_CLASS = YES_ERROR;
				CLANG_WARN_QUOTED_INCLUDE_IN_FRAMEWORK_HEADER = YES;
				CLANG_WARN_RANGE_LOOP_ANALYSIS = YES;
				CLANG_WARN_STRICT_PROTOTYPES = YES;
				CLANG_WARN_SUSPICIOUS_MOVE = YES;
				CLANG_WARN_UNGUARDED_AVAILABILITY = YES_AGGRESSIVE;
				CLANG_WARN_UNREACHABLE_CODE = YES;
				CLANG_WARN__DUPLICATE_METHOD_MATCH = YES;
				COPY_PHASE_STRIP = NO;
				DEBUG_INFORMATION_FORMAT = "dwarf-with-dsym";
				DEVELOPMENT_TEAM = 53SH9DZH55;
				ENABLE_NS_ASSERTIONS = NO;
				ENABLE_STRICT_OBJC_MSGSEND = YES;
				ENABLE_USER_SCRIPT_SANDBOXING = YES;
				GCC_C_LANGUAGE_STANDARD = gnu17;
				GCC_NO_COMMON_BLOCKS = YES;
				GCC_WARN_64_TO_32_BIT_CONVERSION = YES;
				GCC_WARN_ABOUT_RETURN_TYPE = YES_ERROR;
				GCC_WARN_UNDECLARED_SELECTOR = YES;
				GCC_WARN_UNINITIALIZED_AUTOS = YES_AGGRESSIVE;
				GCC_WARN_UNUSED_FUNCTION = YES;
				GCC_WARN_UNUSED_VARIABLE = YES;
				IPHONEOS_DEPLOYMENT_TARGET = 18.4;
				LOCALIZATION_PREFERS_STRING_CATALOGS = YES;
				MTL_ENABLE_DEBUG_INFO = NO;
				MTL_FAST_MATH = YES;
				SDKROOT = iphoneos;
				SWIFT_COMPILATION_MODE = wholemodule;
				VALIDATE_PRODUCT = YES;
			};
			name = Release;
		};
		4EE216302DBCABE20083CE7A /* Debug */ = {
			isa = XCBuildConfiguration;
			buildSettings = {
				ASSETCATALOG_COMPILER_APPICON_NAME = AppIcon;
				ASSETCATALOG_COMPILER_GLOBAL_ACCENT_COLOR_NAME = AccentColor;
				CODE_SIGN_STYLE = Automatic;
				CURRENT_PROJECT_VERSION = 1;
				DEVELOPMENT_TEAM = 53SH9DZH55;
				ENABLE_PREVIEWS = YES;
				GENERATE_INFOPLIST_FILE = YES;
				INFOPLIST_FILE = "Blind-Navigator-Info.plist";
				INFOPLIST_KEY_NSCameraUsageDescription = "This app uses your camera to record video";
				INFOPLIST_KEY_NSLocationWhenInUseUsageDescription = "This app uses your location to provide navigation";
				INFOPLIST_KEY_NSMicrophoneUsageDescription = "This app uses your microphone to record audio";
				INFOPLIST_KEY_UIApplicationSceneManifest_Generation = YES;
				INFOPLIST_KEY_UIApplicationSupportsIndirectInputEvents = YES;
				INFOPLIST_KEY_UILaunchScreen_Generation = YES;
				INFOPLIST_KEY_UISupportedInterfaceOrientations_iPad = "UIInterfaceOrientationPortrait UIInterfaceOrientationPortraitUpsideDown UIInterfaceOrientationLandscapeLeft UIInterfaceOrientationLandscapeRight";
				INFOPLIST_KEY_UISupportedInterfaceOrientations_iPhone = "UIInterfaceOrientationPortrait UIInterfaceOrientationLandscapeLeft UIInterfaceOrientationLandscapeRight";
				IPHONEOS_DEPLOYMENT_TARGET = 18.0;
				LD_RUNPATH_SEARCH_PATHS = (
					"$(inherited)",
					"@executable_path/Frameworks",
				);
				MARKETING_VERSION = 1.0;
				OTHER_LDFLAGS = "-Objc";
				PRODUCT_BUNDLE_IDENTIFIER = "jcao.Blind-Navigator";
				PRODUCT_NAME = "$(TARGET_NAME)";
				SWIFT_EMIT_LOC_STRINGS = YES;
				SWIFT_VERSION = 5.0;
				TARGETED_DEVICE_FAMILY = "1,2";
			};
			name = Debug;
		};
		4EE216312DBCABE20083CE7A /* Release */ = {
			isa = XCBuildConfiguration;
			buildSettings = {
				ASSETCATALOG_COMPILER_APPICON_NAME = AppIcon;
				ASSETCATALOG_COMPILER_GLOBAL_ACCENT_COLOR_NAME = AccentColor;
				CODE_SIGN_STYLE = Automatic;
				CURRENT_PROJECT_VERSION = 1;
				DEVELOPMENT_TEAM = 53SH9DZH55;
				ENABLE_PREVIEWS = YES;
				GENERATE_INFOPLIST_FILE = YES;
				INFOPLIST_FILE = "Blind-Navigator-Info.plist";
				INFOPLIST_KEY_NSCameraUsageDescription = "This app uses your camera to record video";
				INFOPLIST_KEY_NSLocationWhenInUseUsageDescription = "This app uses your location to provide navigation";
				INFOPLIST_KEY_NSMicrophoneUsageDescription = "This app uses your microphone to record audio";
				INFOPLIST_KEY_UIApplicationSceneManifest_Generation = YES;
				INFOPLIST_KEY_UIApplicationSupportsIndirectInputEvents = YES;
				INFOPLIST_KEY_UILaunchScreen_Generation = YES;
				INFOPLIST_KEY_UISupportedInterfaceOrientations_iPad = "UIInterfaceOrientationPortrait UIInterfaceOrientationPortraitUpsideDown UIInterfaceOrientationLandscapeLeft UIInterfaceOrientationLandscapeRight";
				INFOPLIST_KEY_UISupportedInterfaceOrientations_iPhone = "UIInterfaceOrientationPortrait UIInterfaceOrientationLandscapeLeft UIInterfaceOrientationLandscapeRight";
				IPHONEOS_DEPLOYMENT_TARGET = 18.0;
				LD_RUNPATH_SEARCH_PATHS = (
					"$(inherited)",
					"@executable_path/Frameworks",
				);
				MARKETING_VERSION = 1.0;
				OTHER_LDFLAGS = "-Objc";
				PRODUCT_BUNDLE_IDENTIFIER = "jcao.Blind-Navigator";
				PRODUCT_NAME = "$(TARGET_NAME)";
				SWIFT_EMIT_LOC_STRINGS = YES;
				SWIFT_VERSION = 5.0;
				TARGETED_DEVICE_FAMILY = "1,2";
			};
			name = Release;
		};
		4EE216332DBCABE20083CE7A /* Debug */ = {
			isa = XCBuildConfiguration;
			buildSettings = {
				BUNDLE_LOADER = "$(TEST_HOST)";
				CODE_SIGN_STYLE = Automatic;
				CURRENT_PROJECT_VERSION = 1;
				DEVELOPMENT_TEAM = 53SH9DZH55;
				GENERATE_INFOPLIST_FILE = YES;
				IPHONEOS_DEPLOYMENT_TARGET = 18.4;
				MARKETING_VERSION = 1.0;
				PRODUCT_BUNDLE_IDENTIFIER = "jcao.Blind-NavigatorTests";
				PRODUCT_NAME = "$(TARGET_NAME)";
				SWIFT_EMIT_LOC_STRINGS = NO;
				SWIFT_VERSION = 5.0;
				TARGETED_DEVICE_FAMILY = "1,2";
				TEST_HOST = "$(BUILT_PRODUCTS_DIR)/Blind Navigator.app/$(BUNDLE_EXECUTABLE_FOLDER_PATH)/Blind Navigator";
			};
			name = Debug;
		};
		4EE216342DBCABE20083CE7A /* Release */ = {
			isa = XCBuildConfiguration;
			buildSettings = {
				BUNDLE_LOADER = "$(TEST_HOST)";
				CODE_SIGN_STYLE = Automatic;
				CURRENT_PROJECT_VERSION = 1;
				DEVELOPMENT_TEAM = 53SH9DZH55;
				GENERATE_INFOPLIST_FILE = YES;
				IPHONEOS_DEPLOYMENT_TARGET = 18.4;
				MARKETING_VERSION = 1.0;
				PRODUCT_BUNDLE_IDENTIFIER = "jcao.Blind-NavigatorTests";
				PRODUCT_NAME = "$(TARGET_NAME)";
				SWIFT_EMIT_LOC_STRINGS = NO;
				SWIFT_VERSION = 5.0;
				TARGETED_DEVICE_FAMILY = "1,2";
				TEST_HOST = "$(BUILT_PRODUCTS_DIR)/Blind Navigator.app/$(BUNDLE_EXECUTABLE_FOLDER_PATH)/Blind Navigator";
			};
			name = Release;
		};
		4EE216362DBCABE20083CE7A /* Debug */ = {
			isa = XCBuildConfiguration;
			buildSettings = {
				CODE_SIGN_STYLE = Automatic;
				CURRENT_PROJECT_VERSION = 1;
				DEVELOPMENT_TEAM = 53SH9DZH55;
				GENERATE_INFOPLIST_FILE = YES;
				MARKETING_VERSION = 1.0;
				PRODUCT_BUNDLE_IDENTIFIER = "jcao.Blind-NavigatorUITests";
				PRODUCT_NAME = "$(TARGET_NAME)";
				SWIFT_EMIT_LOC_STRINGS = NO;
				SWIFT_VERSION = 5.0;
				TARGETED_DEVICE_FAMILY = "1,2";
				TEST_TARGET_NAME = "Blind Navigator";
			};
			name = Debug;
		};
		4EE216372DBCABE20083CE7A /* Release */ = {
			isa = XCBuildConfiguration;
			buildSettings = {
				CODE_SIGN_STYLE = Automatic;
				CURRENT_PROJECT_VERSION = 1;
				DEVELOPMENT_TEAM = 53SH9DZH55;
				GENERATE_INFOPLIST_FILE = YES;
				MARKETING_VERSION = 1.0;
				PRODUCT_BUNDLE_IDENTIFIER = "jcao.Blind-NavigatorUITests";
				PRODUCT_NAME = "$(TARGET_NAME)";
				SWIFT_EMIT_LOC_STRINGS = NO;
				SWIFT_VERSION = 5.0;
				TARGETED_DEVICE_FAMILY = "1,2";
				TEST_TARGET_NAME = "Blind Navigator";
			};
			name = Release;
		};
/* End XCBuildConfiguration section */

/* Begin XCConfigurationList section */
		4EE216092DBCABE10083CE7A /* Build configuration list for PBXProject "Blind Navigator" */ = {
			isa = XCConfigurationList;
			buildConfigurations = (
				4EE2162D2DBCABE20083CE7A /* Debug */,
				4EE2162E2DBCABE20083CE7A /* Release */,
			);
			defaultConfigurationIsVisible = 0;
			defaultConfigurationName = Release;
		};
		4EE2162F2DBCABE20083CE7A /* Build configuration list for PBXNativeTarget "Blind Navigator" */ = {
			isa = XCConfigurationList;
			buildConfigurations = (
				4EE216302DBCABE20083CE7A /* Debug */,
				4EE216312DBCABE20083CE7A /* Release */,
			);
			defaultConfigurationIsVisible = 0;
			defaultConfigurationName = Release;
		};
		4EE216322DBCABE20083CE7A /* Build configuration list for PBXNativeTarget "Blind NavigatorTests" */ = {
			isa = XCConfigurationList;
			buildConfigurations = (
				4EE216332DBCABE20083CE7A /* Debug */,
				4EE216342DBCABE20083CE7A /* Release */,
			);
			defaultConfigurationIsVisible = 0;
			defaultConfigurationName = Release;
		};
		4EE216352DBCABE20083CE7A /* Build configuration list for PBXNativeTarget "Blind NavigatorUITests" */ = {
			isa = XCConfigurationList;
			buildConfigurations = (
				4EE216362DBCABE20083CE7A /* Debug */,
				4EE216372DBCABE20083CE7A /* Release */,
			);
			defaultConfigurationIsVisible = 0;
			defaultConfigurationName = Release;
		};
/* End XCConfigurationList section */

/* Begin XCRemoteSwiftPackageReference section */
		4EDC6A022DBDC9A900683016 /* XCRemoteSwiftPackageReference "firebase-ios-sdk" */ = {
			isa = XCRemoteSwiftPackageReference;
			repositoryURL = "https://github.com/firebase/firebase-ios-sdk";
			requirement = {
				kind = upToNextMajorVersion;
				minimumVersion = 11.12.0;
			};
		};
/* End XCRemoteSwiftPackageReference section */

/* Begin XCSwiftPackageProductDependency section */
		4E5A971E2DEF520E0003924F /* FirebaseStorage */ = {
			isa = XCSwiftPackageProductDependency;
			package = 4EDC6A022DBDC9A900683016 /* XCRemoteSwiftPackageReference "firebase-ios-sdk" */;
			productName = FirebaseStorage;
		};
		4EDC6A032DBDC9A900683016 /* FirebaseAuth */ = {
			isa = XCSwiftPackageProductDependency;
			package = 4EDC6A022DBDC9A900683016 /* XCRemoteSwiftPackageReference "firebase-ios-sdk" */;
			productName = FirebaseAuth;
		};
/* End XCSwiftPackageProductDependency section */
	};
	rootObject = 4EE216062DBCABE10083CE7A /* Project object */;
}
